// !$*UTF8*$!
{
	archiveVersion = 1;
	classes = {
	};
	objectVersion = 48;
	objects = {

/* Begin PBXBuildFile section */
		359C7BE2200EDB8200E95BE9 /* AppDelegate.swift in Sources */ = {isa = PBXBuildFile; fileRef = 359C7BE1200EDB8200E95BE9 /* AppDelegate.swift */; };
		359C7BE4200EDB8200E95BE9 /* ViewController.swift in Sources */ = {isa = PBXBuildFile; fileRef = 359C7BE3200EDB8200E95BE9 /* ViewController.swift */; };
		359C7BE7200EDB8200E95BE9 /* Main.storyboard in Resources */ = {isa = PBXBuildFile; fileRef = 359C7BE5200EDB8200E95BE9 /* Main.storyboard */; };
		359C7BE9200EDB8200E95BE9 /* Assets.xcassets in Resources */ = {isa = PBXBuildFile; fileRef = 359C7BE8200EDB8200E95BE9 /* Assets.xcassets */; };
		359C7BEC200EDB8200E95BE9 /* LaunchScreen.storyboard in Resources */ = {isa = PBXBuildFile; fileRef = 359C7BEA200EDB8200E95BE9 /* LaunchScreen.storyboard */; };
/* End PBXBuildFile section */

/* Begin PBXFileReference section */
		359C7BDE200EDB8200E95BE9 /* Examif.app */ = {isa = PBXFileReference; explicitFileType = wrapper.application; includeInIndex = 0; path = Examif.app; sourceTree = BUILT_PRODUCTS_DIR; };
		359C7BE1200EDB8200E95BE9 /* AppDelegate.swift */ = {isa = PBXFileReference; lastKnownFileType = sourcecode.swift; path = AppDelegate.swift; sourceTree = "<group>"; };
		359C7BE3200EDB8200E95BE9 /* ViewController.swift */ = {isa = PBXFileReference; lastKnownFileType = sourcecode.swift; path = ViewController.swift; sourceTree = "<group>"; };
		359C7BE6200EDB8200E95BE9 /* Base */ = {isa = PBXFileReference; lastKnownFileType = file.storyboard; name = Base; path = Base.lproj/Main.storyboard; sourceTree = "<group>"; };
		359C7BE8200EDB8200E95BE9 /* Assets.xcassets */ = {isa = PBXFileReference; lastKnownFileType = folder.assetcatalog; path = Assets.xcassets; sourceTree = "<group>"; };
		359C7BEB200EDB8200E95BE9 /* Base */ = {isa = PBXFileReference; lastKnownFileType = file.storyboard; name = Base; path = Base.lproj/LaunchScreen.storyboard; sourceTree = "<group>"; };
		359C7BED200EDB8200E95BE9 /* Info.plist */ = {isa = PBXFileReference; lastKnownFileType = text.plist.xml; path = Info.plist; sourceTree = "<group>"; };
/* End PBXFileReference section */

/* Begin PBXFrameworksBuildPhase section */
		359C7BDB200EDB8200E95BE9 /* Frameworks */ = {
			isa = PBXFrameworksBuildPhase;
			buildActionMask = 2147483647;
			files = (
			);
			runOnlyForDeploymentPostprocessing = 0;
		};
/* End PBXFrameworksBuildPhase section */

/* Begin PBXGroup section */
		359C7BD5200EDB8200E95BE9 = {
			isa = PBXGroup;
			children = (
				359C7BE0200EDB8200E95BE9 /* Examif */,
				359C7BDF200EDB8200E95BE9 /* Products */,
			);
			sourceTree = "<group>";
		};
		359C7BDF200EDB8200E95BE9 /* Products */ = {
			isa = PBXGroup;
			children = (
				359C7BDE200EDB8200E95BE9 /* Examif.app */,
			);
			name = Products;
			sourceTree = "<group>";
		};
		359C7BE0200EDB8200E95BE9 /* Examif */ = {
			isa = PBXGroup;
			children = (
				359C7BE1200EDB8200E95BE9 /* AppDelegate.swift */,
				359C7BE3200EDB8200E95BE9 /* ViewController.swift */,
				359C7BE5200EDB8200E95BE9 /* Main.storyboard */,
				359C7BE8200EDB8200E95BE9 /* Assets.xcassets */,
				359C7BEA200EDB8200E95BE9 /* LaunchScreen.storyboard */,
				359C7BED200EDB8200E95BE9 /* Info.plist */,
			);
			path = Examif;
			sourceTree = "<group>";
		};
/* End PBXGroup section */

/* Begin PBXNativeTarget section */
		359C7BDD200EDB8200E95BE9 /* Examif */ = {
			isa = PBXNativeTarget;
			buildConfigurationList = 359C7BF0200EDB8200E95BE9 /* Build configuration list for PBXNativeTarget "Examif" */;
			buildPhases = (
				359C7BDA200EDB8200E95BE9 /* Sources */,
				359C7BDB200EDB8200E95BE9 /* Frameworks */,
				359C7BDC200EDB8200E95BE9 /* Resources */,
			);
			buildRules = (
			);
			dependencies = (
			);
			name = Examif;
			productName = Examif;
			productReference = 359C7BDE200EDB8200E95BE9 /* Examif.app */;
			productType = "com.apple.product-type.application";
		};
/* End PBXNativeTarget section */

/* Begin PBXProject section */
		359C7BD6200EDB8200E95BE9 /* Project object */ = {
			isa = PBXProject;
			attributes = {
				LastSwiftUpdateCheck = 0910;
				LastUpgradeCheck = 0910;
				ORGANIZATIONNAME = "choi hyunho";
				TargetAttributes = {
					359C7BDD200EDB8200E95BE9 = {
						CreatedOnToolsVersion = 9.1;
						ProvisioningStyle = Automatic;
					};
				};
			};
			buildConfigurationList = 359C7BD9200EDB8200E95BE9 /* Build configuration list for PBXProject "Examif" */;
			compatibilityVersion = "Xcode 8.0";
			developmentRegion = en;
			hasScannedForEncodings = 0;
			knownRegions = (
				en,
				Base,
			);
			mainGroup = 359C7BD5200EDB8200E95BE9;
			productRefGroup = 359C7BDF200EDB8200E95BE9 /* Products */;
			projectDirPath = "";
			projectRoot = "";
			targets = (
				359C7BDD200EDB8200E95BE9 /* Examif */,
			);
		};
/* End PBXProject section */

/* Begin PBXResourcesBuildPhase section */
		359C7BDC200EDB8200E95BE9 /* Resources */ = {
			isa = PBXResourcesBuildPhase;
			buildActionMask = 2147483647;
			files = (
				359C7BEC200EDB8200E95BE9 /* LaunchScreen.storyboard in Resources */,
				359C7BE9200EDB8200E95BE9 /* Assets.xcassets in Resources */,
				359C7BE7200EDB8200E95BE9 /* Main.storyboard in Resources */,
			);
			runOnlyForDeploymentPostprocessing = 0;
		};
/* End PBXResourcesBuildPhase section */

/* Begin PBXSourcesBuildPhase section */
		359C7BDA200EDB8200E95BE9 /* Sources */ = {
			isa = PBXSourcesBuildPhase;
			buildActionMask = 2147483647;
			files = (
				359C7BE4200EDB8200E95BE9 /* ViewController.swift in Sources */,
				359C7BE2200EDB8200E95BE9 /* AppDelegate.swift in Sources */,
			);
			runOnlyForDeploymentPostprocessing = 0;
		};
/* End PBXSourcesBuildPhase section */

/* Begin PBXVariantGroup section */
		359C7BE5200EDB8200E95BE9 /* Main.storyboard */ = {
			isa = PBXVariantGroup;
			children = (
				359C7BE6200EDB8200E95BE9 /* Base */,
			);
			name = Main.storyboard;
			sourceTree = "<group>";
		};
		359C7BEA200EDB8200E95BE9 /* LaunchScreen.storyboard */ = {
			isa = PBXVariantGroup;
			children = (
				359C7BEB200EDB8200E95BE9 /* Base */,
			);
			name = LaunchScreen.storyboard;
			sourceTree = "<group>";
		};
/* End PBXVariantGroup section */

/* Begin XCBuildConfiguration section */
		359C7BEE200EDB8200E95BE9 /* Debug */ = {
			isa = XCBuildConfiguration;
			buildSettings = {
				ALWAYS_SEARCH_USER_PATHS = NO;
				CLANG_ANALYZER_NONNULL = YES;
				CLANG_ANALYZER_NUMBER_OBJECT_CONVERSION = YES_AGGRESSIVE;
				CLANG_CXX_LANGUAGE_STANDARD = "gnu++14";
				CLANG_CXX_LIBRARY = "libc++";
				CLANG_ENABLE_MODULES = YES;
				CLANG_ENABLE_OBJC_ARC = YES;
				CLANG_WARN_BLOCK_CAPTURE_AUTORELEASING = YES;
				CLANG_WARN_BOOL_CONVERSION = YES;
				CLANG_WARN_COMMA = YES;
				CLANG_WARN_CONSTANT_CONVERSION = YES;
				CLANG_WARN_DIRECT_OBJC_ISA_USAGE = YES_ERROR;
				CLANG_WARN_DOCUMENTATION_COMMENTS = YES;
				CLANG_WARN_EMPTY_BODY = YES;
				CLANG_WARN_ENUM_CONVERSION = YES;
				CLANG_WARN_INFINITE_RECURSION = YES;
				CLANG_WARN_INT_CONVERSION = YES;
				CLANG_WARN_NON_LITERAL_NULL_CONVERSION = YES;
				CLANG_WARN_OBJC_LITERAL_CONVERSION = YES;
				CLANG_WARN_OBJC_ROOT_CLASS = YES_ERROR;
				CLANG_WARN_RANGE_LOOP_ANALYSIS = YES;
				CLANG_WARN_STRICT_PROTOTYPES = YES;
				CLANG_WARN_SUSPICIOUS_MOVE = YES;
				CLANG_WARN_UNGUARDED_AVAILABILITY = YES_AGGRESSIVE;
				CLANG_WARN_UNREACHABLE_CODE = YES;
				CLANG_WARN__DUPLICATE_METHOD_MATCH = YES;
				CODE_SIGN_IDENTITY = "iPhone Developer";
				COPY_PHASE_STRIP = NO;
				DEBUG_INFORMATION_FORMAT = dwarf;
				ENABLE_STRICT_OBJC_MSGSEND = YES;
				ENABLE_TESTABILITY = YES;
				GCC_C_LANGUAGE_STANDARD = gnu11;
				GCC_DYNAMIC_NO_PIC = NO;
				GCC_NO_COMMON_BLOCKS = YES;
				GCC_OPTIMIZATION_LEVEL = 0;
				GCC_PREPROCESSOR_DEFINITIONS = (
					"DEBUG=1",
					"$(inherited)",
				);
				GCC_WARN_64_TO_32_BIT_CONVERSION = YES;
				GCC_WARN_ABOUT_RETURN_TYPE = YES_ERROR;
				GCC_WARN_UNDECLARED_SELECTOR = YES;
				GCC_WARN_UNINITIALIZED_AUTOS = YES_AGGRESSIVE;
				GCC_WARN_UNUSED_FUNCTION = YES;
				GCC_WARN_UNUSED_VARIABLE = YES;
				IPHONEOS_DEPLOYMENT_TARGET = 11.1;
				MTL_ENABLE_DEBUG_INFO = YES;
				ONLY_ACTIVE_ARCH = YES;
				SDKROOT = iphoneos;
				SWIFT_ACTIVE_COMPILATION_CONDITIONS = DEBUG;
				SWIFT_OPTIMIZATION_LEVEL = "-Onone";
			};
			name = Debug;
		};
		359C7BEF200EDB8200E95BE9 /* Release */ = {
			isa = XCBuildConfiguration;
			buildSettings = {
				ALWAYS_SEARCH_USER_PATHS = NO;
				CLANG_ANALYZER_NONNULL = YES;
				CLANG_ANALYZER_NUMBER_OBJECT_CONVERSION = YES_AGGRESSIVE;
				CLANG_CXX_LANGUAGE_STANDARD = "gnu++14";
				CLANG_CXX_LIBRARY = "libc++";
				CLANG_ENABLE_MODULES = YES;
				CLANG_ENABLE_OBJC_ARC = YES;
				CLANG_WARN_BLOCK_CAPTURE_AUTORELEASING = YES;
				CLANG_WARN_BOOL_CONVERSION = YES;
				CLANG_WARN_COMMA = YES;
				CLANG_WARN_CONSTANT_CONVERSION = YES;
				CLANG_WARN_DIRECT_OBJC_ISA_USAGE = YES_ERROR;
				CLANG_WARN_DOCUMENTATION_COMMENTS = YES;
				CLANG_WARN_EMPTY_BODY = YES;
				CLANG_WARN_ENUM_CONVERSION = YES;
				CLANG_WARN_INFINITE_RECURSION = YES;
				CLANG_WARN_INT_CONVERSION = YES;
				CLANG_WARN_NON_LITERAL_NULL_CONVERSION = YES;
				CLANG_WARN_OBJC_LITERAL_CONVERSION = YES;
				CLANG_WARN_OBJC_ROOT_CLASS = YES_ERROR;
				CLANG_WARN_RANGE_LOOP_ANALYSIS = YES;
				CLANG_WARN_STRICT_PROTOTYPES = YES;
				CLANG_WARN_SUSPICIOUS_MOVE = YES;
				CLANG_WARN_UNGUARDED_AVAILABILITY = YES_AGGRESSIVE;
				CLANG_WARN_UNREACHABLE_CODE = YES;
				CLANG_WARN__DUPLICATE_METHOD_MATCH = YES;
				CODE_SIGN_IDENTITY = "iPhone Developer";
				COPY_PHASE_STRIP = NO;
				DEBUG_INFORMATION_FORMAT = "dwarf-with-dsym";
				ENABLE_NS_ASSERTIONS = NO;
				ENABLE_STRICT_OBJC_MSGSEND = YES;
				GCC_C_LANGUAGE_STANDARD = gnu11;
				GCC_NO_COMMON_BLOCKS = YES;
				GCC_WARN_64_TO_32_BIT_CONVERSION = YES;
				GCC_WARN_ABOUT_RETURN_TYPE = YES_ERROR;
				GCC_WARN_UNDECLARED_SELECTOR = YES;
				GCC_WARN_UNINITIALIZED_AUTOS = YES_AGGRESSIVE;
				GCC_WARN_UNUSED_FUNCTION = YES;
				GCC_WARN_UNUSED_VARIABLE = YES;
				IPHONEOS_DEPLOYMENT_TARGET = 11.1;
				MTL_ENABLE_DEBUG_INFO = NO;
				SDKROOT = iphoneos;
				SWIFT_OPTIMIZATION_LEVEL = "-Owholemodule";
				VALIDATE_PRODUCT = YES;
			};
			name = Release;
		};
		359C7BF1200EDB8200E95BE9 /* Debug */ = {
			isa = XCBuildConfiguration;
			buildSettings = {
				ASSETCATALOG_COMPILER_APPICON_NAME = AppIcon;
				CODE_SIGN_STYLE = Automatic;
				INFOPLIST_FILE = Examif/Info.plist;
				LD_RUNPATH_SEARCH_PATHS = "$(inherited) @executable_path/Frameworks";
				PRODUCT_BUNDLE_IDENTIFIER = com.choi.Examif;
				PRODUCT_NAME = "$(TARGET_NAME)";
				SWIFT_VERSION = 4.0;
				TARGETED_DEVICE_FAMILY = "1,2";
			};
			name = Debug;
		};
		359C7BF2200EDB8200E95BE9 /* Release */ = {
			isa = XCBuildConfiguration;
			buildSettings = {
				ASSETCATALOG_COMPILER_APPICON_NAME = AppIcon;
				CODE_SIGN_STYLE = Automatic;
				INFOPLIST_FILE = Examif/Info.plist;
				LD_RUNPATH_SEARCH_PATHS = "$(inherited) @executable_path/Frameworks";
				PRODUCT_BUNDLE_IDENTIFIER = com.choi.Examif;
				PRODUCT_NAME = "$(TARGET_NAME)";
				SWIFT_VERSION = 4.0;
				TARGETED_DEVICE_FAMILY = "1,2";
			};
			name = Release;
		};
/* End XCBuildConfiguration section */

/* Begin XCConfigurationList section */
		359C7BD9200EDB8200E95BE9 /* Build configuration list for PBXProject "Examif" */ = {
			isa = XCConfigurationList;
			buildConfigurations = (
				359C7BEE200EDB8200E95BE9 /* Debug */,
				359C7BEF200EDB8200E95BE9 /* Release */,
			);
			defaultConfigurationIsVisible = 0;
			defaultConfigurationName = Release;
		};
		359C7BF0200EDB8200E95BE9 /* Build configuration list for PBXNativeTarget "Examif" */ = {
			isa = XCConfigurationList;
			buildConfigurations = (
				359C7BF1200EDB8200E95BE9 /* Debug */,
				359C7BF2200EDB8200E95BE9 /* Release */,
			);
			defaultConfigurationIsVisible = 0;
			defaultConfigurationName = Release;
		};
/* End XCConfigurationList section */
	};
	rootObject = 359C7BD6200EDB8200E95BE9 /* Project object */;
}
